
Microsoft Visual Studio Solution File, Format Version 12.00
# Visual Studio 14
VisualStudioVersion = 14.0.23107.0
MinimumVisualStudioVersion = 10.0.40219.1
Project("{FAE04EC0-301F-11D3-BF4B-00C04F79EFBC}") = "CodeKata", "CodeKata\CodeKata.csproj", "{2A4AED4C-9876-4AC6-8786-4E209C3ADF30}"
EndProject
Project("{FAE04EC0-301F-11D3-BF4B-00C04F79EFBC}") = "CodeKataTests", "CodeKataTests\CodeKataTests.csproj", "{8604A438-0EAC-4E51-9DB5-2EB396E9429C}"
EndProject
Global
	GlobalSection(SolutionConfigurationPlatforms) = preSolution
		Debug|Any CPU = Debug|Any CPU
		Release|Any CPU = Release|Any CPU
	EndGlobalSection
	GlobalSection(ProjectConfigurationPlatforms) = postSolution
		{2A4AED4C-9876-4AC6-8786-4E209C3ADF30}.Debug|Any CPU.ActiveCfg = Debug|Any CPU
		{2A4AED4C-9876-4AC6-8786-4E209C3ADF30}.Debug|Any CPU.Build.0 = Debug|Any CPU
		{2A4AED4C-9876-4AC6-8786-4E209C3ADF30}.Release|Any CPU.ActiveCfg = Release|Any CPU
		{2A4AED4C-9876-4AC6-8786-4E209C3ADF30}.Release|Any CPU.Build.0 = Release|Any CPU
		{8604A438-0EAC-4E51-9DB5-2EB396E9429C}.Debug|Any CPU.ActiveCfg = Debug|Any CPU
		{8604A438-0EAC-4E51-9DB5-2EB396E9429C}.Debug|Any CPU.Build.0 = Debug|Any CPU
		{8604A438-0EAC-4E51-9DB5-2EB396E9429C}.Release|Any CPU.ActiveCfg = Release|Any CPU
		{8604A438-0EAC-4E51-9DB5-2EB396E9429C}.Release|Any CPU.Build.0 = Release|Any CPU
	EndGlobalSection
	GlobalSection(SolutionProperties) = preSolution
		HideSolutionNode = FALSE
	EndGlobalSection
EndGlobal
